
Microsoft Visual Studio Solution File, Format Version 12.00
# Visual Studio 14
VisualStudioVersion = 14.0.24720.0
MinimumVisualStudioVersion = 10.0.40219.1
Project("{F184B08F-C81C-45F6-A57F-5ABD9991F28F}") = "Navigateur", "Navigateur\Navigateur.vbproj", "{8472FCB3-738E-4F50-8396-4D4E7AAE3FE8}"
EndProject
Project("{F184B08F-C81C-45F6-A57F-5ABD9991F28F}") = "NavigateurTest", "NavigateurTest\NavigateurTest.vbproj", "{5B0DB6B4-9B7B-49EA-B8B0-6A60A5169467}"
EndProject
Global
	GlobalSection(SolutionConfigurationPlatforms) = preSolution
		Debug|Any CPU = Debug|Any CPU
		Release|Any CPU = Release|Any CPU
	EndGlobalSection
	GlobalSection(ProjectConfigurationPlatforms) = postSolution
		{8472FCB3-738E-4F50-8396-4D4E7AAE3FE8}.Debug|Any CPU.ActiveCfg = Debug|Any CPU
		{8472FCB3-738E-4F50-8396-4D4E7AAE3FE8}.Debug|Any CPU.Build.0 = Debug|Any CPU
		{8472FCB3-738E-4F50-8396-4D4E7AAE3FE8}.Release|Any CPU.ActiveCfg = Release|Any CPU
		{8472FCB3-738E-4F50-8396-4D4E7AAE3FE8}.Release|Any CPU.Build.0 = Release|Any CPU
		{5B0DB6B4-9B7B-49EA-B8B0-6A60A5169467}.Debug|Any CPU.ActiveCfg = Debug|Any CPU
		{5B0DB6B4-9B7B-49EA-B8B0-6A60A5169467}.Debug|Any CPU.Build.0 = Debug|Any CPU
		{5B0DB6B4-9B7B-49EA-B8B0-6A60A5169467}.Release|Any CPU.ActiveCfg = Release|Any CPU
		{5B0DB6B4-9B7B-49EA-B8B0-6A60A5169467}.Release|Any CPU.Build.0 = Release|Any CPU
	EndGlobalSection
	GlobalSection(SolutionProperties) = preSolution
		HideSolutionNode = FALSE
	EndGlobalSection
EndGlobal
